// !$*UTF8*$!
{
	archiveVersion = 1;
	classes = {
	};
	objectVersion = 77;
	objects = {

/* Begin PBXContainerItemProxy section */
		2DACACCE2D48C6CE0051FEFA /* PBXContainerItemProxy */ = {
			isa = PBXContainerItemProxy;
			containerPortal = 2DACACB52D48C6CD0051FEFA /* Project object */;
			proxyType = 1;
			remoteGlobalIDString = 2DACACBC2D48C6CD0051FEFA;
			remoteInfo = PhotoCamera;
		};
		2DACACD82D48C6CE0051FEFA /* PBXContainerItemProxy */ = {
			isa = PBXContainerItemProxy;
			containerPortal = 2DACACB52D48C6CD0051FEFA /* Project object */;
			proxyType = 1;
			remoteGlobalIDString = 2DACACBC2D48C6CD0051FEFA;
			remoteInfo = PhotoCamera;
		};
/* End PBXContainerItemProxy section */

/* Begin PBXFileReference section */
		2DACACBD2D48C6CD0051FEFA /* PhotoCamera.app */ = {isa = PBXFileReference; explicitFileType = wrapper.application; includeInIndex = 0; path = PhotoCamera.app; sourceTree = BUILT_PRODUCTS_DIR; };
		2DACACCD2D48C6CE0051FEFA /* PhotoCameraTests.xctest */ = {isa = PBXFileReference; explicitFileType = wrapper.cfbundle; includeInIndex = 0; path = PhotoCameraTests.xctest; sourceTree = BUILT_PRODUCTS_DIR; };
		2DACACD72D48C6CE0051FEFA /* PhotoCameraUITests.xctest */ = {isa = PBXFileReference; explicitFileType = wrapper.cfbundle; includeInIndex = 0; path = PhotoCameraUITests.xctest; sourceTree = BUILT_PRODUCTS_DIR; };
/* End PBXFileReference section */

/* Begin PBXFileSystemSynchronizedRootGroup section */
		2DACACBF2D48C6CD0051FEFA /* PhotoCamera */ = {
			isa = PBXFileSystemSynchronizedRootGroup;
			path = PhotoCamera;
			sourceTree = "<group>";
		};
		2DACACD02D48C6CE0051FEFA /* PhotoCameraTests */ = {
			isa = PBXFileSystemSynchronizedRootGroup;
			path = PhotoCameraTests;
			sourceTree = "<group>";
		};
		2DACACDA2D48C6CE0051FEFA /* PhotoCameraUITests */ = {
			isa = PBXFileSystemSynchronizedRootGroup;
			path = PhotoCameraUITests;
			sourceTree = "<group>";
		};
/* End PBXFileSystemSynchronizedRootGroup section */

/* Begin PBXFrameworksBuildPhase section */
		2DACACBA2D48C6CD0051FEFA /* Frameworks */ = {
			isa = PBXFrameworksBuildPhase;
			buildActionMask = 2147483647;
			files = (
			);
			runOnlyForDeploymentPostprocessing = 0;
		};
		2DACACCA2D48C6CE0051FEFA /* Frameworks */ = {
			isa = PBXFrameworksBuildPhase;
			buildActionMask = 2147483647;
			files = (
			);
			runOnlyForDeploymentPostprocessing = 0;
		};
		2DACACD42D48C6CE0051FEFA /* Frameworks */ = {
			isa = PBXFrameworksBuildPhase;
			buildActionMask = 2147483647;
			files = (
			);
			runOnlyForDeploymentPostprocessing = 0;
		};
/* End PBXFrameworksBuildPhase section */

/* Begin PBXGroup section */
		2DACACB42D48C6CD0051FEFA = {
			isa = PBXGroup;
			children = (
				2DACACBF2D48C6CD0051FEFA /* PhotoCamera */,
				2DACACD02D48C6CE0051FEFA /* PhotoCameraTests */,
				2DACACDA2D48C6CE0051FEFA /* PhotoCameraUITests */,
				2DACACBE2D48C6CD0051FEFA /* Products */,
			);
			sourceTree = "<group>";
		};
		2DACACBE2D48C6CD0051FEFA /* Products */ = {
			isa = PBXGroup;
			children = (
				2DACACBD2D48C6CD0051FEFA /* PhotoCamera.app */,
				2DACACCD2D48C6CE0051FEFA /* PhotoCameraTests.xctest */,
				2DACACD72D48C6CE0051FEFA /* PhotoCameraUITests.xctest */,
			);
			name = Products;
			sourceTree = "<group>";
		};
/* End PBXGroup section */

/* Begin PBXNativeTarget section */
		2DACACBC2D48C6CD0051FEFA /* PhotoCamera */ = {
			isa = PBXNativeTarget;
			buildConfigurationList = 2DACACE12D48C6CE0051FEFA /* Build configuration list for PBXNativeTarget "PhotoCamera" */;
			buildPhases = (
				2DACACB92D48C6CD0051FEFA /* Sources */,
				2DACACBA2D48C6CD0051FEFA /* Frameworks */,
				2DACACBB2D48C6CD0051FEFA /* Resources */,
			);
			buildRules = (
			);
			dependencies = (
			);
			fileSystemSynchronizedGroups = (
				2DACACBF2D48C6CD0051FEFA /* PhotoCamera */,
			);
			name = PhotoCamera;
			packageProductDependencies = (
			);
			productName = PhotoCamera;
			productReference = 2DACACBD2D48C6CD0051FEFA /* PhotoCamera.app */;
			productType = "com.apple.product-type.application";
		};
		2DACACCC2D48C6CE0051FEFA /* PhotoCameraTests */ = {
			isa = PBXNativeTarget;
			buildConfigurationList = 2DACACE42D48C6CE0051FEFA /* Build configuration list for PBXNativeTarget "PhotoCameraTests" */;
			buildPhases = (
				2DACACC92D48C6CE0051FEFA /* Sources */,
				2DACACCA2D48C6CE0051FEFA /* Frameworks */,
				2DACACCB2D48C6CE0051FEFA /* Resources */,
			);
			buildRules = (
			);
			dependencies = (
				2DACACCF2D48C6CE0051FEFA /* PBXTargetDependency */,
			);
			fileSystemSynchronizedGroups = (
				2DACACD02D48C6CE0051FEFA /* PhotoCameraTests */,
			);
			name = PhotoCameraTests;
			packageProductDependencies = (
			);
			productName = PhotoCameraTests;
			productReference = 2DACACCD2D48C6CE0051FEFA /* PhotoCameraTests.xctest */;
			productType = "com.apple.product-type.bundle.unit-test";
		};
		2DACACD62D48C6CE0051FEFA /* PhotoCameraUITests */ = {
			isa = PBXNativeTarget;
			buildConfigurationList = 2DACACE72D48C6CE0051FEFA /* Build configuration list for PBXNativeTarget "PhotoCameraUITests" */;
			buildPhases = (
				2DACACD32D48C6CE0051FEFA /* Sources */,
				2DACACD42D48C6CE0051FEFA /* Frameworks */,
				2DACACD52D48C6CE0051FEFA /* Resources */,
			);
			buildRules = (
			);
			dependencies = (
				2DACACD92D48C6CE0051FEFA /* PBXTargetDependency */,
			);
			fileSystemSynchronizedGroups = (
				2DACACDA2D48C6CE0051FEFA /* PhotoCameraUITests */,
			);
			name = PhotoCameraUITests;
			packageProductDependencies = (
			);
			productName = PhotoCameraUITests;
			productReference = 2DACACD72D48C6CE0051FEFA /* PhotoCameraUITests.xctest */;
			productType = "com.apple.product-type.bundle.ui-testing";
		};
/* End PBXNativeTarget section */

/* Begin PBXProject section */
		2DACACB52D48C6CD0051FEFA /* Project object */ = {
			isa = PBXProject;
			attributes = {
				BuildIndependentTargetsInParallel = 1;
				LastSwiftUpdateCheck = 1610;
				LastUpgradeCheck = 1610;
				TargetAttributes = {
					2DACACBC2D48C6CD0051FEFA = {
						CreatedOnToolsVersion = 16.1;
					};
					2DACACCC2D48C6CE0051FEFA = {
						CreatedOnToolsVersion = 16.1;
						TestTargetID = 2DACACBC2D48C6CD0051FEFA;
					};
					2DACACD62D48C6CE0051FEFA = {
						CreatedOnToolsVersion = 16.1;
						TestTargetID = 2DACACBC2D48C6CD0051FEFA;
					};
				};
			};
			buildConfigurationList = 2DACACB82D48C6CD0051FEFA /* Build configuration list for PBXProject "PhotoCamera" */;
			developmentRegion = en;
			hasScannedForEncodings = 0;
			knownRegions = (
				en,
				Base,
			);
			mainGroup = 2DACACB42D48C6CD0051FEFA;
			minimizedProjectReferenceProxies = 1;
			preferredProjectObjectVersion = 77;
			productRefGroup = 2DACACBE2D48C6CD0051FEFA /* Products */;
			projectDirPath = "";
			projectRoot = "";
			targets = (
				2DACACBC2D48C6CD0051FEFA /* PhotoCamera */,
				2DACACCC2D48C6CE0051FEFA /* PhotoCameraTests */,
				2DACACD62D48C6CE0051FEFA /* PhotoCameraUITests */,
			);
		};
/* End PBXProject section */

/* Begin PBXResourcesBuildPhase section */
		2DACACBB2D48C6CD0051FEFA /* Resources */ = {
			isa = PBXResourcesBuildPhase;
			buildActionMask = 2147483647;
			files = (
			);
			runOnlyForDeploymentPostprocessing = 0;
		};
		2DACACCB2D48C6CE0051FEFA /* Resources */ = {
			isa = PBXResourcesBuildPhase;
			buildActionMask = 2147483647;
			files = (
			);
			runOnlyForDeploymentPostprocessing = 0;
		};
		2DACACD52D48C6CE0051FEFA /* Resources */ = {
			isa = PBXResourcesBuildPhase;
			buildActionMask = 2147483647;
			files = (
			);
			runOnlyForDeploymentPostprocessing = 0;
		};
/* End PBXResourcesBuildPhase section */

/* Begin PBXSourcesBuildPhase section */
		2DACACB92D48C6CD0051FEFA /* Sources */ = {
			isa = PBXSourcesBuildPhase;
			buildActionMask = 2147483647;
			files = (
			);
			runOnlyForDeploymentPostprocessing = 0;
		};
		2DACACC92D48C6CE0051FEFA /* Sources */ = {
			isa = PBXSourcesBuildPhase;
			buildActionMask = 2147483647;
			files = (
			);
			runOnlyForDeploymentPostprocessing = 0;
		};
		2DACACD32D48C6CE0051FEFA /* Sources */ = {
			isa = PBXSourcesBuildPhase;
			buildActionMask = 2147483647;
			files = (
			);
			runOnlyForDeploymentPostprocessing = 0;
		};
/* End PBXSourcesBuildPhase section */

/* Begin PBXTargetDependency section */
		2DACACCF2D48C6CE0051FEFA /* PBXTargetDependency */ = {
			isa = PBXTargetDependency;
			target = 2DACACBC2D48C6CD0051FEFA /* PhotoCamera */;
			targetProxy = 2DACACCE2D48C6CE0051FEFA /* PBXContainerItemProxy */;
		};
		2DACACD92D48C6CE0051FEFA /* PBXTargetDependency */ = {
			isa = PBXTargetDependency;
			target = 2DACACBC2D48C6CD0051FEFA /* PhotoCamera */;
			targetProxy = 2DACACD82D48C6CE0051FEFA /* PBXContainerItemProxy */;
		};
/* End PBXTargetDependency section */

/* Begin XCBuildConfiguration section */
		2DACACDF2D48C6CE0051FEFA /* Debug */ = {
			isa = XCBuildConfiguration;
			buildSettings = {
				ALWAYS_SEARCH_USER_PATHS = NO;
				ASSETCATALOG_COMPILER_GENERATE_SWIFT_ASSET_SYMBOL_EXTENSIONS = YES;
				CLANG_ANALYZER_NONNULL = YES;
				CLANG_ANALYZER_NUMBER_OBJECT_CONVERSION = YES_AGGRESSIVE;
				CLANG_CXX_LANGUAGE_STANDARD = "gnu++20";
				CLANG_ENABLE_MODULES = YES;
				CLANG_ENABLE_OBJC_ARC = YES;
				CLANG_ENABLE_OBJC_WEAK = YES;
				CLANG_WARN_BLOCK_CAPTURE_AUTORELEASING = YES;
				CLANG_WARN_BOOL_CONVERSION = YES;
				CLANG_WARN_COMMA = YES;
				CLANG_WARN_CONSTANT_CONVERSION = YES;
				CLANG_WARN_DEPRECATED_OBJC_IMPLEMENTATIONS = YES;
				CLANG_WARN_DIRECT_OBJC_ISA_USAGE = YES_ERROR;
				CLANG_WARN_DOCUMENTATION_COMMENTS = YES;
				CLANG_WARN_EMPTY_BODY = YES;
				CLANG_WARN_ENUM_CONVERSION = YES;
				CLANG_WARN_INFINITE_RECURSION = YES;
				CLANG_WARN_INT_CONVERSION = YES;
				CLANG_WARN_NON_LITERAL_NULL_CONVERSION = YES;
				CLANG_WARN_OBJC_IMPLICIT_RETAIN_SELF = YES;
				CLANG_WARN_OBJC_LITERAL_CONVERSION = YES;
				CLANG_WARN_OBJC_ROOT_CLASS = YES_ERROR;
				CLANG_WARN_QUOTED_INCLUDE_IN_FRAMEWORK_HEADER = YES;
				CLANG_WARN_RANGE_LOOP_ANALYSIS = YES;
				CLANG_WARN_STRICT_PROTOTYPES = YES;
				CLANG_WARN_SUSPICIOUS_MOVE = YES;
				CLANG_WARN_UNGUARDED_AVAILABILITY = YES_AGGRESSIVE;
				CLANG_WARN_UNREACHABLE_CODE = YES;
				CLANG_WARN__DUPLICATE_METHOD_MATCH = YES;
				COPY_PHASE_STRIP = NO;
				DEBUG_INFORMATION_FORMAT = dwarf;
				ENABLE_STRICT_OBJC_MSGSEND = YES;
				ENABLE_TESTABILITY = YES;
				ENABLE_USER_SCRIPT_SANDBOXING = YES;
				GCC_C_LANGUAGE_STANDARD = gnu17;
				GCC_DYNAMIC_NO_PIC = NO;
				GCC_NO_COMMON_BLOCKS = YES;
				GCC_OPTIMIZATION_LEVEL = 0;
				GCC_PREPROCESSOR_DEFINITIONS = (
					"DEBUG=1",
					"$(inherited)",
				);
				GCC_WARN_64_TO_32_BIT_CONVERSION = YES;
				GCC_WARN_ABOUT_RETURN_TYPE = YES_ERROR;
				GCC_WARN_UNDECLARED_SELECTOR = YES;
				GCC_WARN_UNINITIALIZED_AUTOS = YES_AGGRESSIVE;
				GCC_WARN_UNUSED_FUNCTION = YES;
				GCC_WARN_UNUSED_VARIABLE = YES;
				IPHONEOS_DEPLOYMENT_TARGET = 18.1;
				LOCALIZATION_PREFERS_STRING_CATALOGS = YES;
				MTL_ENABLE_DEBUG_INFO = INCLUDE_SOURCE;
				MTL_FAST_MATH = YES;
				ONLY_ACTIVE_ARCH = YES;
				SDKROOT = iphoneos;
				SWIFT_ACTIVE_COMPILATION_CONDITIONS = "DEBUG $(inherited)";
				SWIFT_OPTIMIZATION_LEVEL = "-Onone";
			};
			name = Debug;
		};
		2DACACE02D48C6CE0051FEFA /* Release */ = {
			isa = XCBuildConfiguration;
			buildSettings = {
				ALWAYS_SEARCH_USER_PATHS = NO;
				ASSETCATALOG_COMPILER_GENERATE_SWIFT_ASSET_SYMBOL_EXTENSIONS = YES;
				CLANG_ANALYZER_NONNULL = YES;
				CLANG_ANALYZER_NUMBER_OBJECT_CONVERSION = YES_AGGRESSIVE;
				CLANG_CXX_LANGUAGE_STANDARD = "gnu++20";
				CLANG_ENABLE_MODULES = YES;
				CLANG_ENABLE_OBJC_ARC = YES;
				CLANG_ENABLE_OBJC_WEAK = YES;
				CLANG_WARN_BLOCK_CAPTURE_AUTORELEASING = YES;
				CLANG_WARN_BOOL_CONVERSION = YES;
				CLANG_WARN_COMMA = YES;
				CLANG_WARN_CONSTANT_CONVERSION = YES;
				CLANG_WARN_DEPRECATED_OBJC_IMPLEMENTATIONS = YES;
				CLANG_WARN_DIRECT_OBJC_ISA_USAGE = YES_ERROR;
				CLANG_WARN_DOCUMENTATION_COMMENTS = YES;
				CLANG_WARN_EMPTY_BODY = YES;
				CLANG_WARN_ENUM_CONVERSION = YES;
				CLANG_WARN_INFINITE_RECURSION = YES;
				CLANG_WARN_INT_CONVERSION = YES;
				CLANG_WARN_NON_LITERAL_NULL_CONVERSION = YES;
				CLANG_WARN_OBJC_IMPLICIT_RETAIN_SELF = YES;
				CLANG_WARN_OBJC_LITERAL_CONVERSION = YES;
				CLANG_WARN_OBJC_ROOT_CLASS = YES_ERROR;
				CLANG_WARN_QUOTED_INCLUDE_IN_FRAMEWORK_HEADER = YES;
				CLANG_WARN_RANGE_LOOP_ANALYSIS = YES;
				CLANG_WARN_STRICT_PROTOTYPES = YES;
				CLANG_WARN_SUSPICIOUS_MOVE = YES;
				CLANG_WARN_UNGUARDED_AVAILABILITY = YES_AGGRESSIVE;
				CLANG_WARN_UNREACHABLE_CODE = YES;
				CLANG_WARN__DUPLICATE_METHOD_MATCH = YES;
				COPY_PHASE_STRIP = NO;
				DEBUG_INFORMATION_FORMAT = "dwarf-with-dsym";
				ENABLE_NS_ASSERTIONS = NO;
				ENABLE_STRICT_OBJC_MSGSEND = YES;
				ENABLE_USER_SCRIPT_SANDBOXING = YES;
				GCC_C_LANGUAGE_STANDARD = gnu17;
				GCC_NO_COMMON_BLOCKS = YES;
				GCC_WARN_64_TO_32_BIT_CONVERSION = YES;
				GCC_WARN_ABOUT_RETURN_TYPE = YES_ERROR;
				GCC_WARN_UNDECLARED_SELECTOR = YES;
				GCC_WARN_UNINITIALIZED_AUTOS = YES_AGGRESSIVE;
				GCC_WARN_UNUSED_FUNCTION = YES;
				GCC_WARN_UNUSED_VARIABLE = YES;
				IPHONEOS_DEPLOYMENT_TARGET = 18.1;
				LOCALIZATION_PREFERS_STRING_CATALOGS = YES;
				MTL_ENABLE_DEBUG_INFO = NO;
				MTL_FAST_MATH = YES;
				SDKROOT = iphoneos;
				SWIFT_COMPILATION_MODE = wholemodule;
				VALIDATE_PRODUCT = YES;
			};
			name = Release;
		};
		2DACACE22D48C6CE0051FEFA /* Debug */ = {
			isa = XCBuildConfiguration;
			buildSettings = {
				ASSETCATALOG_COMPILER_APPICON_NAME = AppIcon;
				ASSETCATALOG_COMPILER_GLOBAL_ACCENT_COLOR_NAME = AccentColor;
				CODE_SIGN_STYLE = Automatic;
				CURRENT_PROJECT_VERSION = 1;
				DEVELOPMENT_ASSET_PATHS = "\"PhotoCamera/Preview Content\"";
				ENABLE_PREVIEWS = YES;
				GENERATE_INFOPLIST_FILE = YES;
				INFOPLIST_KEY_UIApplicationSceneManifest_Generation = YES;
				INFOPLIST_KEY_UIApplicationSupportsIndirectInputEvents = YES;
				INFOPLIST_KEY_UILaunchScreen_Generation = YES;
				INFOPLIST_KEY_UISupportedInterfaceOrientations_iPad = "UIInterfaceOrientationPortrait UIInterfaceOrientationPortraitUpsideDown UIInterfaceOrientationLandscapeLeft UIInterfaceOrientationLandscapeRight";
				INFOPLIST_KEY_UISupportedInterfaceOrientations_iPhone = "UIInterfaceOrientationPortrait UIInterfaceOrientationLandscapeLeft UIInterfaceOrientationLandscapeRight";
				LD_RUNPATH_SEARCH_PATHS = (
					"$(inherited)",
					"@executable_path/Frameworks",
				);
				MARKETING_VERSION = 1.0;
				PRODUCT_BUNDLE_IDENTIFIER = vansh5503.PhotoCamera;
				PRODUCT_NAME = "$(TARGET_NAME)";
				SWIFT_EMIT_LOC_STRINGS = YES;
				SWIFT_VERSION = 5.0;
				TARGETED_DEVICE_FAMILY = "1,2";
			};
			name = Debug;
		};
		2DACACE32D48C6CE0051FEFA /* Release */ = {
			isa = XCBuildConfiguration;
			buildSettings = {
				ASSETCATALOG_COMPILER_APPICON_NAME = AppIcon;
				ASSETCATALOG_COMPILER_GLOBAL_ACCENT_COLOR_NAME = AccentColor;
				CODE_SIGN_STYLE = Automatic;
				CURRENT_PROJECT_VERSION = 1;
				DEVELOPMENT_ASSET_PATHS = "\"PhotoCamera/Preview Content\"";
				ENABLE_PREVIEWS = YES;
				GENERATE_INFOPLIST_FILE = YES;
				INFOPLIST_KEY_UIApplicationSceneManifest_Generation = YES;
				INFOPLIST_KEY_UIApplicationSupportsIndirectInputEvents = YES;
				INFOPLIST_KEY_UILaunchScreen_Generation = YES;
				INFOPLIST_KEY_UISupportedInterfaceOrientations_iPad = "UIInterfaceOrientationPortrait UIInterfaceOrientationPortraitUpsideDown UIInterfaceOrientationLandscapeLeft UIInterfaceOrientationLandscapeRight";
				INFOPLIST_KEY_UISupportedInterfaceOrientations_iPhone = "UIInterfaceOrientationPortrait UIInterfaceOrientationLandscapeLeft UIInterfaceOrientationLandscapeRight";
				LD_RUNPATH_SEARCH_PATHS = (
					"$(inherited)",
					"@executable_path/Frameworks",
				);
				MARKETING_VERSION = 1.0;
				PRODUCT_BUNDLE_IDENTIFIER = vansh5503.PhotoCamera;
				PRODUCT_NAME = "$(TARGET_NAME)";
				SWIFT_EMIT_LOC_STRINGS = YES;
				SWIFT_VERSION = 5.0;
				TARGETED_DEVICE_FAMILY = "1,2";
			};
			name = Release;
		};
		2DACACE52D48C6CE0051FEFA /* Debug */ = {
			isa = XCBuildConfiguration;
			buildSettings = {
				BUNDLE_LOADER = "$(TEST_HOST)";
				CODE_SIGN_STYLE = Automatic;
				CURRENT_PROJECT_VERSION = 1;
				GENERATE_INFOPLIST_FILE = YES;
				IPHONEOS_DEPLOYMENT_TARGET = 18.1;
				MARKETING_VERSION = 1.0;
				PRODUCT_BUNDLE_IDENTIFIER = vansh5503.PhotoCameraTests;
				PRODUCT_NAME = "$(TARGET_NAME)";
				SWIFT_EMIT_LOC_STRINGS = NO;
				SWIFT_VERSION = 5.0;
				TARGETED_DEVICE_FAMILY = "1,2";
				TEST_HOST = "$(BUILT_PRODUCTS_DIR)/PhotoCamera.app/$(BUNDLE_EXECUTABLE_FOLDER_PATH)/PhotoCamera";
			};
			name = Debug;
		};
		2DACACE62D48C6CE0051FEFA /* Release */ = {
			isa = XCBuildConfiguration;
			buildSettings = {
				BUNDLE_LOADER = "$(TEST_HOST)";
				CODE_SIGN_STYLE = Automatic;
				CURRENT_PROJECT_VERSION = 1;
				GENERATE_INFOPLIST_FILE = YES;
				IPHONEOS_DEPLOYMENT_TARGET = 18.1;
				MARKETING_VERSION = 1.0;
				PRODUCT_BUNDLE_IDENTIFIER = vansh5503.PhotoCameraTests;
				PRODUCT_NAME = "$(TARGET_NAME)";
				SWIFT_EMIT_LOC_STRINGS = NO;
				SWIFT_VERSION = 5.0;
				TARGETED_DEVICE_FAMILY = "1,2";
				TEST_HOST = "$(BUILT_PRODUCTS_DIR)/PhotoCamera.app/$(BUNDLE_EXECUTABLE_FOLDER_PATH)/PhotoCamera";
			};
			name = Release;
		};
		2DACACE82D48C6CE0051FEFA /* Debug */ = {
			isa = XCBuildConfiguration;
			buildSettings = {
				CODE_SIGN_STYLE = Automatic;
				CURRENT_PROJECT_VERSION = 1;
				GENERATE_INFOPLIST_FILE = YES;
				MARKETING_VERSION = 1.0;
				PRODUCT_BUNDLE_IDENTIFIER = vansh5503.PhotoCameraUITests;
				PRODUCT_NAME = "$(TARGET_NAME)";
				SWIFT_EMIT_LOC_STRINGS = NO;
				SWIFT_VERSION = 5.0;
				TARGETED_DEVICE_FAMILY = "1,2";
				TEST_TARGET_NAME = PhotoCamera;
			};
			name = Debug;
		};
		2DACACE92D48C6CE0051FEFA /* Release */ = {
			isa = XCBuildConfiguration;
			buildSettings = {
				CODE_SIGN_STYLE = Automatic;
				CURRENT_PROJECT_VERSION = 1;
				GENERATE_INFOPLIST_FILE = YES;
				MARKETING_VERSION = 1.0;
				PRODUCT_BUNDLE_IDENTIFIER = vansh5503.PhotoCameraUITests;
				PRODUCT_NAME = "$(TARGET_NAME)";
				SWIFT_EMIT_LOC_STRINGS = NO;
				SWIFT_VERSION = 5.0;
				TARGETED_DEVICE_FAMILY = "1,2";
				TEST_TARGET_NAME = PhotoCamera;
			};
			name = Release;
		};
/* End XCBuildConfiguration section */

/* Begin XCConfigurationList section */
		2DACACB82D48C6CD0051FEFA /* Build configuration list for PBXProject "PhotoCamera" */ = {
			isa = XCConfigurationList;
			buildConfigurations = (
				2DACACDF2D48C6CE0051FEFA /* Debug */,
				2DACACE02D48C6CE0051FEFA /* Release */,
			);
			defaultConfigurationIsVisible = 0;
			defaultConfigurationName = Release;
		};
		2DACACE12D48C6CE0051FEFA /* Build configuration list for PBXNativeTarget "PhotoCamera" */ = {
			isa = XCConfigurationList;
			buildConfigurations = (
				2DACACE22D48C6CE0051FEFA /* Debug */,
				2DACACE32D48C6CE0051FEFA /* Release */,
			);
			defaultConfigurationIsVisible = 0;
			defaultConfigurationName = Release;
		};
		2DACACE42D48C6CE0051FEFA /* Build configuration list for PBXNativeTarget "PhotoCameraTests" */ = {
			isa = XCConfigurationList;
			buildConfigurations = (
				2DACACE52D48C6CE0051FEFA /* Debug */,
				2DACACE62D48C6CE0051FEFA /* Release */,
			);
			defaultConfigurationIsVisible = 0;
			defaultConfigurationName = Release;
		};
		2DACACE72D48C6CE0051FEFA /* Build configuration list for PBXNativeTarget "PhotoCameraUITests" */ = {
			isa = XCConfigurationList;
			buildConfigurations = (
				2DACACE82D48C6CE0051FEFA /* Debug */,
				2DACACE92D48C6CE0051FEFA /* Release */,
			);
			defaultConfigurationIsVisible = 0;
			defaultConfigurationName = Release;
		};
/* End XCConfigurationList section */
	};
	rootObject = 2DACACB52D48C6CD0051FEFA /* Project object */;
}
